// !$*UTF8*$!
{
	archiveVersion = 1;
	classes = {
	};
	objectVersion = 55;
	objects = {

/* Begin PBXBuildFile section */
		7854F55C29B0B25500966F72 /* Model.swift in Sources */ = {isa = PBXBuildFile; fileRef = 7854F55B29B0B25500966F72 /* Model.swift */; };
		785822F429AF734C00C05284 /* Pods_JMT.framework in Frameworks */ = {isa = PBXBuildFile; fileRef = B5331444CDC69997713743DD /* Pods_JMT.framework */; };
		785822F529AF734C00C05284 /* Pods_JMT.framework in Embed Frameworks */ = {isa = PBXBuildFile; fileRef = B5331444CDC69997713743DD /* Pods_JMT.framework */; settings = {ATTRIBUTES = (CodeSignOnCopy, RemoveHeadersOnCopy, ); }; };
		7868E5D829AF544A0072B481 /* api.swift in Sources */ = {isa = PBXBuildFile; fileRef = 7868E5D729AF544A0072B481 /* api.swift */; };
		78A10EF529A62CD500D23C2C /* AppDelegate.swift in Sources */ = {isa = PBXBuildFile; fileRef = 78A10EF429A62CD500D23C2C /* AppDelegate.swift */; };
		78A10EF729A62CD500D23C2C /* SceneDelegate.swift in Sources */ = {isa = PBXBuildFile; fileRef = 78A10EF629A62CD500D23C2C /* SceneDelegate.swift */; };
		78A10EF929A62CD500D23C2C /* LoginViewControllerGoogleLoginViewController.swift in Sources */ = {isa = PBXBuildFile; fileRef = 78A10EF829A62CD500D23C2C /* LoginViewControllerGoogleLoginViewController.swift */; };
		78A10EFC29A62CD500D23C2C /* Main.storyboard in Resources */ = {isa = PBXBuildFile; fileRef = 78A10EFA29A62CD500D23C2C /* Main.storyboard */; };
		78A10EFE29A62CD600D23C2C /* Assets.xcassets in Resources */ = {isa = PBXBuildFile; fileRef = 78A10EFD29A62CD600D23C2C /* Assets.xcassets */; };
		78A10F0129A62CD600D23C2C /* LaunchScreen.storyboard in Resources */ = {isa = PBXBuildFile; fileRef = 78A10EFF29A62CD600D23C2C /* LaunchScreen.storyboard */; };
		78FC5F5D29AB86B50078286A /* WebViewViewController.swift in Sources */ = {isa = PBXBuildFile; fileRef = 78FC5F5C29AB86B50078286A /* WebViewViewController.swift */; };
/* End PBXBuildFile section */

/* Begin PBXCopyFilesBuildPhase section */
		785822F629AF734C00C05284 /* Embed Frameworks */ = {
			isa = PBXCopyFilesBuildPhase;
			buildActionMask = 2147483647;
			dstPath = "";
			dstSubfolderSpec = 10;
			files = (
				785822F529AF734C00C05284 /* Pods_JMT.framework in Embed Frameworks */,
			);
			name = "Embed Frameworks";
			runOnlyForDeploymentPostprocessing = 0;
		};
/* End PBXCopyFilesBuildPhase section */

/* Begin PBXFileReference section */
		750C5705DEB57C7017298F31 /* Pods-JMT.debug.xcconfig */ = {isa = PBXFileReference; includeInIndex = 1; lastKnownFileType = text.xcconfig; name = "Pods-JMT.debug.xcconfig"; path = "Target Support Files/Pods-JMT/Pods-JMT.debug.xcconfig"; sourceTree = "<group>"; };
		780B6A7B29BDD90800A13AF3 /* JMT-Bridging-Header.h */ = {isa = PBXFileReference; lastKnownFileType = sourcecode.c.h; path = "JMT-Bridging-Header.h"; sourceTree = "<group>"; };
		781F0A9C29A88C7200BA6536 /* JMT.entitlements */ = {isa = PBXFileReference; lastKnownFileType = text.plist.entitlements; path = JMT.entitlements; sourceTree = "<group>"; };
		7854F55B29B0B25500966F72 /* Model.swift */ = {isa = PBXFileReference; lastKnownFileType = sourcecode.swift; path = Model.swift; sourceTree = "<group>"; };
		7868E5D729AF544A0072B481 /* api.swift */ = {isa = PBXFileReference; lastKnownFileType = sourcecode.swift; path = api.swift; sourceTree = "<group>"; };
		78A10EF129A62CD500D23C2C /* JMT.app */ = {isa = PBXFileReference; explicitFileType = wrapper.application; includeInIndex = 0; path = JMT.app; sourceTree = BUILT_PRODUCTS_DIR; };
		78A10EF429A62CD500D23C2C /* AppDelegate.swift */ = {isa = PBXFileReference; lastKnownFileType = sourcecode.swift; path = AppDelegate.swift; sourceTree = "<group>"; };
		78A10EF629A62CD500D23C2C /* SceneDelegate.swift */ = {isa = PBXFileReference; lastKnownFileType = sourcecode.swift; path = SceneDelegate.swift; sourceTree = "<group>"; };
		78A10EF829A62CD500D23C2C /* LoginViewControllerGoogleLoginViewController.swift */ = {isa = PBXFileReference; lastKnownFileType = sourcecode.swift; path = LoginViewControllerGoogleLoginViewController.swift; sourceTree = "<group>"; };
		78A10EFB29A62CD500D23C2C /* Base */ = {isa = PBXFileReference; lastKnownFileType = file.storyboard; name = Base; path = Base.lproj/Main.storyboard; sourceTree = "<group>"; };
		78A10EFD29A62CD600D23C2C /* Assets.xcassets */ = {isa = PBXFileReference; lastKnownFileType = folder.assetcatalog; path = Assets.xcassets; sourceTree = "<group>"; };
		78A10F0029A62CD600D23C2C /* Base */ = {isa = PBXFileReference; lastKnownFileType = file.storyboard; name = Base; path = Base.lproj/LaunchScreen.storyboard; sourceTree = "<group>"; };
		78A10F0229A62CD600D23C2C /* Info.plist */ = {isa = PBXFileReference; lastKnownFileType = text.plist.xml; path = Info.plist; sourceTree = "<group>"; };
		78FC5F5C29AB86B50078286A /* WebViewViewController.swift */ = {isa = PBXFileReference; lastKnownFileType = sourcecode.swift; path = WebViewViewController.swift; sourceTree = "<group>"; };
		A39C58295235B8CF0C0B622F /* Pods-JMT.release.xcconfig */ = {isa = PBXFileReference; includeInIndex = 1; lastKnownFileType = text.xcconfig; name = "Pods-JMT.release.xcconfig"; path = "Target Support Files/Pods-JMT/Pods-JMT.release.xcconfig"; sourceTree = "<group>"; };
		B5331444CDC69997713743DD /* Pods_JMT.framework */ = {isa = PBXFileReference; explicitFileType = wrapper.framework; includeInIndex = 0; path = Pods_JMT.framework; sourceTree = BUILT_PRODUCTS_DIR; };
/* End PBXFileReference section */

/* Begin PBXFrameworksBuildPhase section */
		78A10EEE29A62CD500D23C2C /* Frameworks */ = {
			isa = PBXFrameworksBuildPhase;
			buildActionMask = 2147483647;
			files = (
				785822F429AF734C00C05284 /* Pods_JMT.framework in Frameworks */,
			);
			runOnlyForDeploymentPostprocessing = 0;
		};
/* End PBXFrameworksBuildPhase section */

/* Begin PBXGroup section */
		1FEB7D2D3901A76207D0230E /* Frameworks */ = {
			isa = PBXGroup;
			children = (
				B5331444CDC69997713743DD /* Pods_JMT.framework */,
			);
			name = Frameworks;
			sourceTree = "<group>";
		};
		7868E5D629AF54390072B481 /* API */ = {
			isa = PBXGroup;
			children = (
				7868E5D729AF544A0072B481 /* api.swift */,
				7854F55B29B0B25500966F72 /* Model.swift */,
			);
			path = API;
			sourceTree = "<group>";
		};
		78A10EE829A62CD500D23C2C = {
			isa = PBXGroup;
			children = (
				78A10EF329A62CD500D23C2C /* JMT */,
				78A10EF229A62CD500D23C2C /* Products */,
				A5966E5D95798A52991DD16E /* Pods */,
				1FEB7D2D3901A76207D0230E /* Frameworks */,
			);
			sourceTree = "<group>";
		};
		78A10EF229A62CD500D23C2C /* Products */ = {
			isa = PBXGroup;
			children = (
				78A10EF129A62CD500D23C2C /* JMT.app */,
			);
			name = Products;
			sourceTree = "<group>";
		};
		78A10EF329A62CD500D23C2C /* JMT */ = {
			isa = PBXGroup;
			children = (
				7868E5D629AF54390072B481 /* API */,
				781F0A9C29A88C7200BA6536 /* JMT.entitlements */,
				78A10EF429A62CD500D23C2C /* AppDelegate.swift */,
				78A10EF629A62CD500D23C2C /* SceneDelegate.swift */,
				78A10EF829A62CD500D23C2C /* LoginViewControllerGoogleLoginViewController.swift */,
				78FC5F5C29AB86B50078286A /* WebViewViewController.swift */,
				78A10EFA29A62CD500D23C2C /* Main.storyboard */,
				78A10EFD29A62CD600D23C2C /* Assets.xcassets */,
				78A10EFF29A62CD600D23C2C /* LaunchScreen.storyboard */,
				78A10F0229A62CD600D23C2C /* Info.plist */,
				780B6A7B29BDD90800A13AF3 /* JMT-Bridging-Header.h */,
			);
			path = JMT;
			sourceTree = "<group>";
		};
		A5966E5D95798A52991DD16E /* Pods */ = {
			isa = PBXGroup;
			children = (
				750C5705DEB57C7017298F31 /* Pods-JMT.debug.xcconfig */,
				A39C58295235B8CF0C0B622F /* Pods-JMT.release.xcconfig */,
			);
			path = Pods;
			sourceTree = "<group>";
		};
/* End PBXGroup section */

/* Begin PBXNativeTarget section */
		78A10EF029A62CD500D23C2C /* JMT */ = {
			isa = PBXNativeTarget;
			buildConfigurationList = 78A10F0529A62CD600D23C2C /* Build configuration list for PBXNativeTarget "JMT" */;
			buildPhases = (
				B7B5527593660350202C138F /* [CP] Check Pods Manifest.lock */,
				78A10EED29A62CD500D23C2C /* Sources */,
				78A10EEE29A62CD500D23C2C /* Frameworks */,
				78A10EEF29A62CD500D23C2C /* Resources */,
				278D540EE803939C8A8A1214 /* [CP] Embed Pods Frameworks */,
				785822F629AF734C00C05284 /* Embed Frameworks */,
			);
			buildRules = (
			);
			dependencies = (
			);
			name = JMT;
			productName = JMT;
			productReference = 78A10EF129A62CD500D23C2C /* JMT.app */;
			productType = "com.apple.product-type.application";
		};
/* End PBXNativeTarget section */

/* Begin PBXProject section */
		78A10EE929A62CD500D23C2C /* Project object */ = {
			isa = PBXProject;
			attributes = {
				BuildIndependentTargetsInParallel = 1;
				LastSwiftUpdateCheck = 1340;
				LastUpgradeCheck = 1340;
				TargetAttributes = {
					78A10EF029A62CD500D23C2C = {
						CreatedOnToolsVersion = 13.4;
						LastSwiftMigration = 1420;
					};
				};
			};
			buildConfigurationList = 78A10EEC29A62CD500D23C2C /* Build configuration list for PBXProject "JMT" */;
			compatibilityVersion = "Xcode 13.0";
			developmentRegion = en;
			hasScannedForEncodings = 0;
			knownRegions = (
				en,
				Base,
			);
			mainGroup = 78A10EE829A62CD500D23C2C;
			productRefGroup = 78A10EF229A62CD500D23C2C /* Products */;
			projectDirPath = "";
			projectRoot = "";
			targets = (
				78A10EF029A62CD500D23C2C /* JMT */,
			);
		};
/* End PBXProject section */

/* Begin PBXResourcesBuildPhase section */
		78A10EEF29A62CD500D23C2C /* Resources */ = {
			isa = PBXResourcesBuildPhase;
			buildActionMask = 2147483647;
			files = (
				78A10F0129A62CD600D23C2C /* LaunchScreen.storyboard in Resources */,
				78A10EFE29A62CD600D23C2C /* Assets.xcassets in Resources */,
				78A10EFC29A62CD500D23C2C /* Main.storyboard in Resources */,
			);
			runOnlyForDeploymentPostprocessing = 0;
		};
/* End PBXResourcesBuildPhase section */

/* Begin PBXShellScriptBuildPhase section */
		278D540EE803939C8A8A1214 /* [CP] Embed Pods Frameworks */ = {
			isa = PBXShellScriptBuildPhase;
			buildActionMask = 2147483647;
			files = (
			);
			inputFileListPaths = (
				"${PODS_ROOT}/Target Support Files/Pods-JMT/Pods-JMT-frameworks-${CONFIGURATION}-input-files.xcfilelist",
			);
			name = "[CP] Embed Pods Frameworks";
			outputFileListPaths = (
				"${PODS_ROOT}/Target Support Files/Pods-JMT/Pods-JMT-frameworks-${CONFIGURATION}-output-files.xcfilelist",
			);
			runOnlyForDeploymentPostprocessing = 0;
			shellPath = /bin/sh;
			shellScript = "\"${PODS_ROOT}/Target Support Files/Pods-JMT/Pods-JMT-frameworks.sh\"\n";
			showEnvVarsInLog = 0;
		};
		B7B5527593660350202C138F /* [CP] Check Pods Manifest.lock */ = {
			isa = PBXShellScriptBuildPhase;
			buildActionMask = 2147483647;
			files = (
			);
			inputFileListPaths = (
			);
			inputPaths = (
				"${PODS_PODFILE_DIR_PATH}/Podfile.lock",
				"${PODS_ROOT}/Manifest.lock",
			);
			name = "[CP] Check Pods Manifest.lock";
			outputFileListPaths = (
			);
			outputPaths = (
				"$(DERIVED_FILE_DIR)/Pods-JMT-checkManifestLockResult.txt",
			);
			runOnlyForDeploymentPostprocessing = 0;
			shellPath = /bin/sh;
			shellScript = "diff \"${PODS_PODFILE_DIR_PATH}/Podfile.lock\" \"${PODS_ROOT}/Manifest.lock\" > /dev/null\nif [ $? != 0 ] ; then\n    # print error to STDERR\n    echo \"error: The sandbox is not in sync with the Podfile.lock. Run 'pod install' or update your CocoaPods installation.\" >&2\n    exit 1\nfi\n# This output is used by Xcode 'outputs' to avoid re-running this script phase.\necho \"SUCCESS\" > \"${SCRIPT_OUTPUT_FILE_0}\"\n";
			showEnvVarsInLog = 0;
		};
/* End PBXShellScriptBuildPhase section */

/* Begin PBXSourcesBuildPhase section */
		78A10EED29A62CD500D23C2C /* Sources */ = {
			isa = PBXSourcesBuildPhase;
			buildActionMask = 2147483647;
			files = (
				7868E5D829AF544A0072B481 /* api.swift in Sources */,
				78A10EF929A62CD500D23C2C /* LoginViewControllerGoogleLoginViewController.swift in Sources */,
				78A10EF529A62CD500D23C2C /* AppDelegate.swift in Sources */,
				7854F55C29B0B25500966F72 /* Model.swift in Sources */,
				78FC5F5D29AB86B50078286A /* WebViewViewController.swift in Sources */,
				78A10EF729A62CD500D23C2C /* SceneDelegate.swift in Sources */,
			);
			runOnlyForDeploymentPostprocessing = 0;
		};
/* End PBXSourcesBuildPhase section */

/* Begin PBXVariantGroup section */
		78A10EFA29A62CD500D23C2C /* Main.storyboard */ = {
			isa = PBXVariantGroup;
			children = (
				78A10EFB29A62CD500D23C2C /* Base */,
			);
			name = Main.storyboard;
			sourceTree = "<group>";
		};
		78A10EFF29A62CD600D23C2C /* LaunchScreen.storyboard */ = {
			isa = PBXVariantGroup;
			children = (
				78A10F0029A62CD600D23C2C /* Base */,
			);
			name = LaunchScreen.storyboard;
			sourceTree = "<group>";
		};
/* End PBXVariantGroup section */

/* Begin XCBuildConfiguration section */
		78A10F0329A62CD600D23C2C /* Debug */ = {
			isa = XCBuildConfiguration;
			buildSettings = {
				ALWAYS_SEARCH_USER_PATHS = NO;
				CLANG_ANALYZER_NONNULL = YES;
				CLANG_ANALYZER_NUMBER_OBJECT_CONVERSION = YES_AGGRESSIVE;
				CLANG_CXX_LANGUAGE_STANDARD = "gnu++17";
				CLANG_ENABLE_MODULES = YES;
				CLANG_ENABLE_OBJC_ARC = YES;
				CLANG_ENABLE_OBJC_WEAK = YES;
				CLANG_WARN_BLOCK_CAPTURE_AUTORELEASING = YES;
				CLANG_WARN_BOOL_CONVERSION = YES;
				CLANG_WARN_COMMA = YES;
				CLANG_WARN_CONSTANT_CONVERSION = YES;
				CLANG_WARN_DEPRECATED_OBJC_IMPLEMENTATIONS = YES;
				CLANG_WARN_DIRECT_OBJC_ISA_USAGE = YES_ERROR;
				CLANG_WARN_DOCUMENTATION_COMMENTS = YES;
				CLANG_WARN_EMPTY_BODY = YES;
				CLANG_WARN_ENUM_CONVERSION = YES;
				CLANG_WARN_INFINITE_RECURSION = YES;
				CLANG_WARN_INT_CONVERSION = YES;
				CLANG_WARN_NON_LITERAL_NULL_CONVERSION = YES;
				CLANG_WARN_OBJC_IMPLICIT_RETAIN_SELF = YES;
				CLANG_WARN_OBJC_LITERAL_CONVERSION = YES;
				CLANG_WARN_OBJC_ROOT_CLASS = YES_ERROR;
				CLANG_WARN_QUOTED_INCLUDE_IN_FRAMEWORK_HEADER = YES;
				CLANG_WARN_RANGE_LOOP_ANALYSIS = YES;
				CLANG_WARN_STRICT_PROTOTYPES = YES;
				CLANG_WARN_SUSPICIOUS_MOVE = YES;
				CLANG_WARN_UNGUARDED_AVAILABILITY = YES_AGGRESSIVE;
				CLANG_WARN_UNREACHABLE_CODE = YES;
				CLANG_WARN__DUPLICATE_METHOD_MATCH = YES;
				COPY_PHASE_STRIP = NO;
				DEBUG_INFORMATION_FORMAT = dwarf;
				ENABLE_STRICT_OBJC_MSGSEND = YES;
				ENABLE_TESTABILITY = YES;
				GCC_C_LANGUAGE_STANDARD = gnu11;
				GCC_DYNAMIC_NO_PIC = NO;
				GCC_NO_COMMON_BLOCKS = YES;
				GCC_OPTIMIZATION_LEVEL = 0;
				GCC_PREPROCESSOR_DEFINITIONS = (
					"DEBUG=1",
					"$(inherited)",
				);
				GCC_WARN_64_TO_32_BIT_CONVERSION = YES;
				GCC_WARN_ABOUT_RETURN_TYPE = YES_ERROR;
				GCC_WARN_UNDECLARED_SELECTOR = YES;
				GCC_WARN_UNINITIALIZED_AUTOS = YES_AGGRESSIVE;
				GCC_WARN_UNUSED_FUNCTION = YES;
				GCC_WARN_UNUSED_VARIABLE = YES;
				IPHONEOS_DEPLOYMENT_TARGET = 15.5;
				MTL_ENABLE_DEBUG_INFO = INCLUDE_SOURCE;
				MTL_FAST_MATH = YES;
				ONLY_ACTIVE_ARCH = YES;
				SDKROOT = iphoneos;
				SWIFT_ACTIVE_COMPILATION_CONDITIONS = DEBUG;
				SWIFT_OPTIMIZATION_LEVEL = "-Onone";
			};
			name = Debug;
		};
		78A10F0429A62CD600D23C2C /* Release */ = {
			isa = XCBuildConfiguration;
			buildSettings = {
				ALWAYS_SEARCH_USER_PATHS = NO;
				CLANG_ANALYZER_NONNULL = YES;
				CLANG_ANALYZER_NUMBER_OBJECT_CONVERSION = YES_AGGRESSIVE;
				CLANG_CXX_LANGUAGE_STANDARD = "gnu++17";
				CLANG_ENABLE_MODULES = YES;
				CLANG_ENABLE_OBJC_ARC = YES;
				CLANG_ENABLE_OBJC_WEAK = YES;
				CLANG_WARN_BLOCK_CAPTURE_AUTORELEASING = YES;
				CLANG_WARN_BOOL_CONVERSION = YES;
				CLANG_WARN_COMMA = YES;
				CLANG_WARN_CONSTANT_CONVERSION = YES;
				CLANG_WARN_DEPRECATED_OBJC_IMPLEMENTATIONS = YES;
				CLANG_WARN_DIRECT_OBJC_ISA_USAGE = YES_ERROR;
				CLANG_WARN_DOCUMENTATION_COMMENTS = YES;
				CLANG_WARN_EMPTY_BODY = YES;
				CLANG_WARN_ENUM_CONVERSION = YES;
				CLANG_WARN_INFINITE_RECURSION = YES;
				CLANG_WARN_INT_CONVERSION = YES;
				CLANG_WARN_NON_LITERAL_NULL_CONVERSION = YES;
				CLANG_WARN_OBJC_IMPLICIT_RETAIN_SELF = YES;
				CLANG_WARN_OBJC_LITERAL_CONVERSION = YES;
				CLANG_WARN_OBJC_ROOT_CLASS = YES_ERROR;
				CLANG_WARN_QUOTED_INCLUDE_IN_FRAMEWORK_HEADER = YES;
				CLANG_WARN_RANGE_LOOP_ANALYSIS = YES;
				CLANG_WARN_STRICT_PROTOTYPES = YES;
				CLANG_WARN_SUSPICIOUS_MOVE = YES;
				CLANG_WARN_UNGUARDED_AVAILABILITY = YES_AGGRESSIVE;
				CLANG_WARN_UNREACHABLE_CODE = YES;
				CLANG_WARN__DUPLICATE_METHOD_MATCH = YES;
				COPY_PHASE_STRIP = NO;
				DEBUG_INFORMATION_FORMAT = "dwarf-with-dsym";
				ENABLE_NS_ASSERTIONS = NO;
				ENABLE_STRICT_OBJC_MSGSEND = YES;
				GCC_C_LANGUAGE_STANDARD = gnu11;
				GCC_NO_COMMON_BLOCKS = YES;
				GCC_WARN_64_TO_32_BIT_CONVERSION = YES;
				GCC_WARN_ABOUT_RETURN_TYPE = YES_ERROR;
				GCC_WARN_UNDECLARED_SELECTOR = YES;
				GCC_WARN_UNINITIALIZED_AUTOS = YES_AGGRESSIVE;
				GCC_WARN_UNUSED_FUNCTION = YES;
				GCC_WARN_UNUSED_VARIABLE = YES;
				IPHONEOS_DEPLOYMENT_TARGET = 15.5;
				MTL_ENABLE_DEBUG_INFO = NO;
				MTL_FAST_MATH = YES;
				SDKROOT = iphoneos;
				SWIFT_COMPILATION_MODE = wholemodule;
				SWIFT_OPTIMIZATION_LEVEL = "-O";
				VALIDATE_PRODUCT = YES;
			};
			name = Release;
		};
		78A10F0629A62CD600D23C2C /* Debug */ = {
			isa = XCBuildConfiguration;
			baseConfigurationReference = 750C5705DEB57C7017298F31 /* Pods-JMT.debug.xcconfig */;
			buildSettings = {
				ASSETCATALOG_COMPILER_APPICON_NAME = AppIcon;
				ASSETCATALOG_COMPILER_GLOBAL_ACCENT_COLOR_NAME = AccentColor;
				CLANG_ENABLE_MODULES = YES;
				CODE_SIGN_ENTITLEMENTS = JMT/JMT.entitlements;
				CODE_SIGN_STYLE = Automatic;
				CURRENT_PROJECT_VERSION = 3;
				DEVELOPMENT_TEAM = D2DRA3F792;
				GENERATE_INFOPLIST_FILE = YES;
				INFOPLIST_FILE = JMT/Info.plist;
				INFOPLIST_KEY_CFBundleDisplayName = JMT;
				INFOPLIST_KEY_UIApplicationSupportsIndirectInputEvents = YES;
				INFOPLIST_KEY_UILaunchStoryboardName = LaunchScreen;
				INFOPLIST_KEY_UIMainStoryboardFile = Main;
				INFOPLIST_KEY_UISupportedInterfaceOrientations_iPad = "UIInterfaceOrientationPortrait UIInterfaceOrientationPortraitUpsideDown UIInterfaceOrientationLandscapeLeft UIInterfaceOrientationLandscapeRight";
				INFOPLIST_KEY_UISupportedInterfaceOrientations_iPhone = "UIInterfaceOrientationPortrait UIInterfaceOrientationLandscapeLeft UIInterfaceOrientationLandscapeRight";
				IPHONEOS_DEPLOYMENT_TARGET = 14.0;
				LD_RUNPATH_SEARCH_PATHS = (
					"$(inherited)",
					"@executable_path/Frameworks",
				);
				MARKETING_VERSION = 1.0.1;
				PRODUCT_BUNDLE_IDENTIFIER = GdscJmt;
				PRODUCT_NAME = "$(TARGET_NAME)";
				SWIFT_EMIT_LOC_STRINGS = YES;
				SWIFT_OBJC_BRIDGING_HEADER = "JMT/JMT-Bridging-Header.h";
				SWIFT_OPTIMIZATION_LEVEL = "-Onone";
				SWIFT_VERSION = 5.0;
				TARGETED_DEVICE_FAMILY = 1;
			};
			name = Debug;
		};
		78A10F0729A62CD600D23C2C /* Release */ = {
			isa = XCBuildConfiguration;
			baseConfigurationReference = A39C58295235B8CF0C0B622F /* Pods-JMT.release.xcconfig */;
			buildSettings = {
				ASSETCATALOG_COMPILER_APPICON_NAME = AppIcon;
				ASSETCATALOG_COMPILER_GLOBAL_ACCENT_COLOR_NAME = AccentColor;
				CLANG_ENABLE_MODULES = YES;
				CODE_SIGN_ENTITLEMENTS = JMT/JMT.entitlements;
				CODE_SIGN_STYLE = Automatic;
				CURRENT_PROJECT_VERSION = 3;
				DEVELOPMENT_TEAM = D2DRA3F792;
				GENERATE_INFOPLIST_FILE = YES;
				INFOPLIST_FILE = JMT/Info.plist;
				INFOPLIST_KEY_CFBundleDisplayName = JMT;
				INFOPLIST_KEY_UIApplicationSupportsIndirectInputEvents = YES;
				INFOPLIST_KEY_UILaunchStoryboardName = LaunchScreen;
				INFOPLIST_KEY_UIMainStoryboardFile = Main;
				INFOPLIST_KEY_UISupportedInterfaceOrientations_iPad = "UIInterfaceOrientationPortrait UIInterfaceOrientationPortraitUpsideDown UIInterfaceOrientationLandscapeLeft UIInterfaceOrientationLandscapeRight";
				INFOPLIST_KEY_UISupportedInterfaceOrientations_iPhone = "UIInterfaceOrientationPortrait UIInterfaceOrientationLandscapeLeft UIInterfaceOrientationLandscapeRight";
				IPHONEOS_DEPLOYMENT_TARGET = 14.0;
				LD_RUNPATH_SEARCH_PATHS = (
					"$(inherited)",
					"@executable_path/Frameworks",
				);
				MARKETING_VERSION = 1.0.1;
				PRODUCT_BUNDLE_IDENTIFIER = GdscJmt;
				PRODUCT_NAME = "$(TARGET_NAME)";
				SWIFT_EMIT_LOC_STRINGS = YES;
				SWIFT_OBJC_BRIDGING_HEADER = "JMT/JMT-Bridging-Header.h";
				SWIFT_VERSION = 5.0;
				TARGETED_DEVICE_FAMILY = 1;
			};
			name = Release;
		};
/* End XCBuildConfiguration section */

/* Begin XCConfigurationList section */
		78A10EEC29A62CD500D23C2C /* Build configuration list for PBXProject "JMT" */ = {
			isa = XCConfigurationList;
			buildConfigurations = (
				78A10F0329A62CD600D23C2C /* Debug */,
				78A10F0429A62CD600D23C2C /* Release */,
			);
			defaultConfigurationIsVisible = 0;
			defaultConfigurationName = Release;
		};
		78A10F0529A62CD600D23C2C /* Build configuration list for PBXNativeTarget "JMT" */ = {
			isa = XCConfigurationList;
			buildConfigurations = (
				78A10F0629A62CD600D23C2C /* Debug */,
				78A10F0729A62CD600D23C2C /* Release */,
			);
			defaultConfigurationIsVisible = 0;
			defaultConfigurationName = Release;
		};
/* End XCConfigurationList section */
	};
	rootObject = 78A10EE929A62CD500D23C2C /* Project object */;
}
